
Microsoft Visual Studio Solution File, Format Version 12.00
# Visual Studio Version 17
VisualStudioVersion = 17.7.34024.191
MinimumVisualStudioVersion = 10.0.40219.1
Project("{FAE04EC0-301F-11D3-BF4B-00C04F79EFBC}") = "HazirDateTimeMathMetotlar", "HazirDateTimeMathMetotlar.csproj", "{DE40EED2-D0CB-4DC0-9B86-B615E2D6F8DE}"
EndProject
Global
	GlobalSection(SolutionConfigurationPlatforms) = preSolution
		Debug|Any CPU = Debug|Any CPU
		Release|Any CPU = Release|Any CPU
	EndGlobalSection
	GlobalSection(ProjectConfigurationPlatforms) = postSolution
		{DE40EED2-D0CB-4DC0-9B86-B615E2D6F8DE}.Debug|Any CPU.ActiveCfg = Debug|Any CPU
		{DE40EED2-D0CB-4DC0-9B86-B615E2D6F8DE}.Debug|Any CPU.Build.0 = Debug|Any CPU
		{DE40EED2-D0CB-4DC0-9B86-B615E2D6F8DE}.Release|Any CPU.ActiveCfg = Release|Any CPU
		{DE40EED2-D0CB-4DC0-9B86-B615E2D6F8DE}.Release|Any CPU.Build.0 = Release|Any CPU
	EndGlobalSection
	GlobalSection(SolutionProperties) = preSolution
		HideSolutionNode = FALSE
	EndGlobalSection
	GlobalSection(ExtensibilityGlobals) = postSolution
		SolutionGuid = {922B1951-126E-41A9-AEBB-85D54D992808}
	EndGlobalSection
EndGlobal
