
Microsoft Visual Studio Solution File, Format Version 12.00
# Visual Studio Version 17
VisualStudioVersion = 17.7.34024.191
MinimumVisualStudioVersion = 10.0.40219.1
Project("{FAE04EC0-301F-11D3-BF4B-00C04F79EFBC}") = "Sinif_Kavrami", "Sinif_Kavrami.csproj", "{C37C736E-3336-4466-8A24-02E05DA4BFFF}"
EndProject
Global
	GlobalSection(SolutionConfigurationPlatforms) = preSolution
		Debug|Any CPU = Debug|Any CPU
		Release|Any CPU = Release|Any CPU
	EndGlobalSection
	GlobalSection(ProjectConfigurationPlatforms) = postSolution
		{C37C736E-3336-4466-8A24-02E05DA4BFFF}.Debug|Any CPU.ActiveCfg = Debug|Any CPU
		{C37C736E-3336-4466-8A24-02E05DA4BFFF}.Debug|Any CPU.Build.0 = Debug|Any CPU
		{C37C736E-3336-4466-8A24-02E05DA4BFFF}.Release|Any CPU.ActiveCfg = Release|Any CPU
		{C37C736E-3336-4466-8A24-02E05DA4BFFF}.Release|Any CPU.Build.0 = Release|Any CPU
	EndGlobalSection
	GlobalSection(SolutionProperties) = preSolution
		HideSolutionNode = FALSE
	EndGlobalSection
	GlobalSection(ExtensibilityGlobals) = postSolution
		SolutionGuid = {3A663D4E-513E-4686-801B-B152EAA870BA}
	EndGlobalSection
EndGlobal
