
Microsoft Visual Studio Solution File, Format Version 12.00
# Visual Studio Version 17
VisualStudioVersion = 17.7.34024.191
MinimumVisualStudioVersion = 10.0.40219.1
Project("{FAE04EC0-301F-11D3-BF4B-00C04F79EFBC}") = "Arayuzler_Interface", "Arayuzler_Interface.csproj", "{CBC5F1FB-833F-48A7-AD83-3E3689BA8AC9}"
EndProject
Global
	GlobalSection(SolutionConfigurationPlatforms) = preSolution
		Debug|Any CPU = Debug|Any CPU
		Release|Any CPU = Release|Any CPU
	EndGlobalSection
	GlobalSection(ProjectConfigurationPlatforms) = postSolution
		{CBC5F1FB-833F-48A7-AD83-3E3689BA8AC9}.Debug|Any CPU.ActiveCfg = Debug|Any CPU
		{CBC5F1FB-833F-48A7-AD83-3E3689BA8AC9}.Debug|Any CPU.Build.0 = Debug|Any CPU
		{CBC5F1FB-833F-48A7-AD83-3E3689BA8AC9}.Release|Any CPU.ActiveCfg = Release|Any CPU
		{CBC5F1FB-833F-48A7-AD83-3E3689BA8AC9}.Release|Any CPU.Build.0 = Release|Any CPU
	EndGlobalSection
	GlobalSection(SolutionProperties) = preSolution
		HideSolutionNode = FALSE
	EndGlobalSection
	GlobalSection(ExtensibilityGlobals) = postSolution
		SolutionGuid = {441B72ED-BD14-4282-B2C1-363B14E5E077}
	EndGlobalSection
EndGlobal
